
Microsoft Visual Studio Solution File, Format Version 12.00
# Visual Studio Version 17
VisualStudioVersion = 17.8.34330.188
MinimumVisualStudioVersion = 10.0.40219.1
Project("{2150E333-8FDC-42A3-9474-1A3956D46DE8}") = "Solution Items", "Solution Items", "{85FA0C69-A760-4DA4-BBDA-405440FAFD78}"
	ProjectSection(SolutionItems) = preProject
		README.md = README.md
	EndProjectSection
EndProject
Project("{2150E333-8FDC-42A3-9474-1A3956D46DE8}") = "nuget", "nuget", "{A0465D20-7758-413F-A911-585923A61160}"
	ProjectSection(SolutionItems) = preProject
		nuget\myget.bat = nuget\myget.bat
		nuget\nuget.bat = nuget\nuget.bat
		nuget\Transformalize.Provider.Json.Autofac.nuspec = nuget\Transformalize.Provider.Json.Autofac.nuspec
		nuget\Transformalize.Provider.Json.nuspec = nuget\Transformalize.Provider.Json.nuspec
		nuget\Transformalize.Transform.Json.Autofac.nuspec = nuget\Transformalize.Transform.Json.Autofac.nuspec
		nuget\Transformalize.Transform.Json.nuspec = nuget\Transformalize.Transform.Json.nuspec
	EndProjectSection
EndProject
Project("{9A19103F-16F7-4668-BE54-9A1E7A4F7556}") = "Test", "src\Test\Test.csproj", "{899B7DCC-C685-4CBA-9D11-E6A2BF548CCF}"
EndProject
Project("{9A19103F-16F7-4668-BE54-9A1E7A4F7556}") = "Transformalize.Provider.Json", "src\Transformalize.Provider.Json\Transformalize.Provider.Json.csproj", "{9C3E1AD2-CBFB-4D77-9FA7-F687F2317C87}"
EndProject
Project("{9A19103F-16F7-4668-BE54-9A1E7A4F7556}") = "Transformalize.Provider.Json.Autofac", "src\Transformalize.Provider.Json.Autofac\Transformalize.Provider.Json.Autofac.csproj", "{D095F2CB-93AC-40F0-A682-4F51EEE041AD}"
EndProject
Project("{9A19103F-16F7-4668-BE54-9A1E7A4F7556}") = "Transformalize.Transform.Json", "src\Transformalize.Transform.Json\Transformalize.Transform.Json.csproj", "{7230FF60-5238-447F-A1C6-FC144585DEAF}"
EndProject
Project("{9A19103F-16F7-4668-BE54-9A1E7A4F7556}") = "Transformalize.Transform.Json.Autofac", "src\Transformalize.Transform.Json.Autofac\Transformalize.Transform.Json.Autofac.csproj", "{1BF8E254-2BB9-42A9-8039-6E1F4787A397}"
EndProject
Global
	GlobalSection(SolutionConfigurationPlatforms) = preSolution
		Debug|Any CPU = Debug|Any CPU
		Release|Any CPU = Release|Any CPU
	EndGlobalSection
	GlobalSection(ProjectConfigurationPlatforms) = postSolution
		{899B7DCC-C685-4CBA-9D11-E6A2BF548CCF}.Debug|Any CPU.ActiveCfg = Debug|Any CPU
		{899B7DCC-C685-4CBA-9D11-E6A2BF548CCF}.Debug|Any CPU.Build.0 = Debug|Any CPU
		{899B7DCC-C685-4CBA-9D11-E6A2BF548CCF}.Release|Any CPU.ActiveCfg = Release|Any CPU
		{899B7DCC-C685-4CBA-9D11-E6A2BF548CCF}.Release|Any CPU.Build.0 = Release|Any CPU
		{9C3E1AD2-CBFB-4D77-9FA7-F687F2317C87}.Debug|Any CPU.ActiveCfg = Debug|Any CPU
		{9C3E1AD2-CBFB-4D77-9FA7-F687F2317C87}.Debug|Any CPU.Build.0 = Debug|Any CPU
		{9C3E1AD2-CBFB-4D77-9FA7-F687F2317C87}.Release|Any CPU.ActiveCfg = Release|Any CPU
		{9C3E1AD2-CBFB-4D77-9FA7-F687F2317C87}.Release|Any CPU.Build.0 = Release|Any CPU
		{D095F2CB-93AC-40F0-A682-4F51EEE041AD}.Debug|Any CPU.ActiveCfg = Debug|Any CPU
		{D095F2CB-93AC-40F0-A682-4F51EEE041AD}.Debug|Any CPU.Build.0 = Debug|Any CPU
		{D095F2CB-93AC-40F0-A682-4F51EEE041AD}.Release|Any CPU.ActiveCfg = Release|Any CPU
		{D095F2CB-93AC-40F0-A682-4F51EEE041AD}.Release|Any CPU.Build.0 = Release|Any CPU
		{7230FF60-5238-447F-A1C6-FC144585DEAF}.Debug|Any CPU.ActiveCfg = Debug|Any CPU
		{7230FF60-5238-447F-A1C6-FC144585DEAF}.Debug|Any CPU.Build.0 = Debug|Any CPU
		{7230FF60-5238-447F-A1C6-FC144585DEAF}.Release|Any CPU.ActiveCfg = Release|Any CPU
		{7230FF60-5238-447F-A1C6-FC144585DEAF}.Release|Any CPU.Build.0 = Release|Any CPU
		{1BF8E254-2BB9-42A9-8039-6E1F4787A397}.Debug|Any CPU.ActiveCfg = Debug|Any CPU
		{1BF8E254-2BB9-42A9-8039-6E1F4787A397}.Debug|Any CPU.Build.0 = Debug|Any CPU
		{1BF8E254-2BB9-42A9-8039-6E1F4787A397}.Release|Any CPU.ActiveCfg = Release|Any CPU
		{1BF8E254-2BB9-42A9-8039-6E1F4787A397}.Release|Any CPU.Build.0 = Release|Any CPU
	EndGlobalSection
	GlobalSection(SolutionProperties) = preSolution
		HideSolutionNode = FALSE
	EndGlobalSection
	GlobalSection(NestedProjects) = preSolution
		{A0465D20-7758-413F-A911-585923A61160} = {85FA0C69-A760-4DA4-BBDA-405440FAFD78}
	EndGlobalSection
	GlobalSection(ExtensibilityGlobals) = postSolution
		SolutionGuid = {178081F6-A699-4B47-9630-78730739C957}
	EndGlobalSection
EndGlobal
